// !$*UTF8*$!
{
	archiveVersion = 1;
	classes = {
	};
	objectVersion = 52;
	objects = {

/* Begin PBXBuildFile section */
		04039480256CE0E300EA3A35 /* SparkUI in Frameworks */ = {isa = PBXBuildFile; productRef = 0403947F256CE0E300EA3A35 /* SparkUI */; };
		04039496256CE86A00EA3A35 /* GoogleService-Info.plist in Resources */ = {isa = PBXBuildFile; fileRef = 04039495256CE86A00EA3A35 /* GoogleService-Info.plist */; };
		04589963256514270038A4AC /* AppDelegate.swift in Sources */ = {isa = PBXBuildFile; fileRef = 04589962256514270038A4AC /* AppDelegate.swift */; };
		04589965256514270038A4AC /* SceneDelegate.swift in Sources */ = {isa = PBXBuildFile; fileRef = 04589964256514270038A4AC /* SceneDelegate.swift */; };
		04589967256514270038A4AC /* HomeViewController.swift in Sources */ = {isa = PBXBuildFile; fileRef = 04589966256514270038A4AC /* HomeViewController.swift */; };
		0458996C256514280038A4AC /* Assets.xcassets in Resources */ = {isa = PBXBuildFile; fileRef = 0458996B256514280038A4AC /* Assets.xcassets */; };
		0458996F256514280038A4AC /* LaunchScreen.storyboard in Resources */ = {isa = PBXBuildFile; fileRef = 0458996D256514280038A4AC /* LaunchScreen.storyboard */; };
		1B20753CD113417C8B255A41 /* Pods_FirebaseDB.framework in Frameworks */ = {isa = PBXBuildFile; fileRef = A2B0F77D491C46E66E82533D /* Pods_FirebaseDB.framework */; };
		C90720432571006300F1C23A /* SettingsViewController.swift in Sources */ = {isa = PBXBuildFile; fileRef = C90720422571006300F1C23A /* SettingsViewController.swift */; };
		C907206325710B1C00F1C23A /* SparkStorage.swift in Sources */ = {isa = PBXBuildFile; fileRef = C907206225710B1C00F1C23A /* SparkStorage.swift */; };
		C907207D25710D5600F1C23A /* Setup.swift in Sources */ = {isa = PBXBuildFile; fileRef = C907207C25710D5600F1C23A /* Setup.swift */; };
		C926504D256D1530002D4CB0 /* SparkAuth.swift in Sources */ = {isa = PBXBuildFile; fileRef = C926504C256D1530002D4CB0 /* SparkAuth.swift */; };
		C9265050256D159B002D4CB0 /* SparkBuckets.swift in Sources */ = {isa = PBXBuildFile; fileRef = C926504F256D159B002D4CB0 /* SparkBuckets.swift */; };
		C9265069256D1693002D4CB0 /* TabBarController.swift in Sources */ = {isa = PBXBuildFile; fileRef = C9265068256D1693002D4CB0 /* TabBarController.swift */; };
		C926506C256D18E1002D4CB0 /* SparkFirestore.swift in Sources */ = {isa = PBXBuildFile; fileRef = C926506B256D18E1002D4CB0 /* SparkFirestore.swift */; };
		C926506F256D1949002D4CB0 /* Profile.swift in Sources */ = {isa = PBXBuildFile; fileRef = C926506E256D1949002D4CB0 /* Profile.swift */; };
		C9265072256D1A33002D4CB0 /* SparkFirestoreReferenceManager.swift in Sources */ = {isa = PBXBuildFile; fileRef = C9265071256D1A33002D4CB0 /* SparkFirestoreReferenceManager.swift */; };
		C9265075256D1A54002D4CB0 /* SparkFirebaseRootReference.swift in Sources */ = {isa = PBXBuildFile; fileRef = C9265074256D1A54002D4CB0 /* SparkFirebaseRootReference.swift */; };
		C9265078256D1AA6002D4CB0 /* SparkKey.swift in Sources */ = {isa = PBXBuildFile; fileRef = C9265077256D1AA6002D4CB0 /* SparkKey.swift */; };
		C926507B256D1BD4002D4CB0 /* SparkError.swift in Sources */ = {isa = PBXBuildFile; fileRef = C926507A256D1BD4002D4CB0 /* SparkError.swift */; };
		C926507E256D1FC5002D4CB0 /* AuthViewController.swift in Sources */ = {isa = PBXBuildFile; fileRef = C926507D256D1FC5002D4CB0 /* AuthViewController.swift */; };
		C9265081256D234F002D4CB0 /* ProfileViewController.swift in Sources */ = {isa = PBXBuildFile; fileRef = C9265080256D234F002D4CB0 /* ProfileViewController.swift */; };
		C98DDF4B257111CA0098DD22 /* Admin.swift in Sources */ = {isa = PBXBuildFile; fileRef = C98DDF4A257111CA0098DD22 /* Admin.swift */; };
		C98DDF4E257112B40098DD22 /* SparkFirestoreQueryManager.swift in Sources */ = {isa = PBXBuildFile; fileRef = C98DDF4D257112B40098DD22 /* SparkFirestoreQueryManager.swift */; };
		C98DDF522571174C0098DD22 /* AdminViewController.swift in Sources */ = {isa = PBXBuildFile; fileRef = C98DDF512571174C0098DD22 /* AdminViewController.swift */; };
		C98DDF5525711A100098DD22 /* AddCategoryViewController.swift in Sources */ = {isa = PBXBuildFile; fileRef = C98DDF5425711A100098DD22 /* AddCategoryViewController.swift */; };
		C98DDF5825711A290098DD22 /* AddItemViewController.swift in Sources */ = {isa = PBXBuildFile; fileRef = C98DDF5725711A290098DD22 /* AddItemViewController.swift */; };
		C98DDF5B25711D2E0098DD22 /* Category.swift in Sources */ = {isa = PBXBuildFile; fileRef = C98DDF5A25711D2E0098DD22 /* Category.swift */; };
		C98DDF5F25711DC00098DD22 /* Item.swift in Sources */ = {isa = PBXBuildFile; fileRef = C98DDF5E25711DC00098DD22 /* Item.swift */; };
/* End PBXBuildFile section */

/* Begin PBXFileReference section */
		04039495256CE86A00EA3A35 /* GoogleService-Info.plist */ = {isa = PBXFileReference; lastKnownFileType = text.plist; path = "GoogleService-Info.plist"; sourceTree = SOURCE_ROOT; };
		0458995F256514270038A4AC /* FirebaseDB.app */ = {isa = PBXFileReference; explicitFileType = wrapper.application; includeInIndex = 0; path = FirebaseDB.app; sourceTree = BUILT_PRODUCTS_DIR; };
		04589962256514270038A4AC /* AppDelegate.swift */ = {isa = PBXFileReference; lastKnownFileType = sourcecode.swift; name = AppDelegate.swift; path = "../New Group/AppDelegate.swift"; sourceTree = "<group>"; };
		04589964256514270038A4AC /* SceneDelegate.swift */ = {isa = PBXFileReference; lastKnownFileType = sourcecode.swift; name = SceneDelegate.swift; path = "../New Group/SceneDelegate.swift"; sourceTree = "<group>"; };
		04589966256514270038A4AC /* HomeViewController.swift */ = {isa = PBXFileReference; lastKnownFileType = sourcecode.swift; path = HomeViewController.swift; sourceTree = "<group>"; };
		0458996B256514280038A4AC /* Assets.xcassets */ = {isa = PBXFileReference; lastKnownFileType = folder.assetcatalog; path = Assets.xcassets; sourceTree = "<group>"; };
		0458996E256514280038A4AC /* Base */ = {isa = PBXFileReference; lastKnownFileType = file.storyboard; name = Base; path = Base.lproj/LaunchScreen.storyboard; sourceTree = "<group>"; };
		04589970256514280038A4AC /* Info.plist */ = {isa = PBXFileReference; lastKnownFileType = text.plist.xml; path = Info.plist; sourceTree = "<group>"; };
		32F80DB424BC65D4AF2A1708 /* Pods-FirebaseDB.release.xcconfig */ = {isa = PBXFileReference; includeInIndex = 1; lastKnownFileType = text.xcconfig; name = "Pods-FirebaseDB.release.xcconfig"; path = "Target Support Files/Pods-FirebaseDB/Pods-FirebaseDB.release.xcconfig"; sourceTree = "<group>"; };
		A2B0F77D491C46E66E82533D /* Pods_FirebaseDB.framework */ = {isa = PBXFileReference; explicitFileType = wrapper.framework; includeInIndex = 0; path = Pods_FirebaseDB.framework; sourceTree = BUILT_PRODUCTS_DIR; };
		A8DC188571B15AE3D4C1A013 /* Pods-FirebaseDB.debug.xcconfig */ = {isa = PBXFileReference; includeInIndex = 1; lastKnownFileType = text.xcconfig; name = "Pods-FirebaseDB.debug.xcconfig"; path = "Target Support Files/Pods-FirebaseDB/Pods-FirebaseDB.debug.xcconfig"; sourceTree = "<group>"; };
		C90720422571006300F1C23A /* SettingsViewController.swift */ = {isa = PBXFileReference; lastKnownFileType = sourcecode.swift; path = SettingsViewController.swift; sourceTree = "<group>"; };
		C907206225710B1C00F1C23A /* SparkStorage.swift */ = {isa = PBXFileReference; lastKnownFileType = sourcecode.swift; path = SparkStorage.swift; sourceTree = "<group>"; };
		C907207C25710D5600F1C23A /* Setup.swift */ = {isa = PBXFileReference; lastKnownFileType = sourcecode.swift; path = Setup.swift; sourceTree = "<group>"; };
		C926504C256D1530002D4CB0 /* SparkAuth.swift */ = {isa = PBXFileReference; lastKnownFileType = sourcecode.swift; path = SparkAuth.swift; sourceTree = "<group>"; };
		C926504F256D159B002D4CB0 /* SparkBuckets.swift */ = {isa = PBXFileReference; lastKnownFileType = sourcecode.swift; path = SparkBuckets.swift; sourceTree = "<group>"; };
		C9265068256D1693002D4CB0 /* TabBarController.swift */ = {isa = PBXFileReference; lastKnownFileType = sourcecode.swift; path = TabBarController.swift; sourceTree = "<group>"; };
		C926506B256D18E1002D4CB0 /* SparkFirestore.swift */ = {isa = PBXFileReference; lastKnownFileType = sourcecode.swift; path = SparkFirestore.swift; sourceTree = "<group>"; };
		C926506E256D1949002D4CB0 /* Profile.swift */ = {isa = PBXFileReference; lastKnownFileType = sourcecode.swift; path = Profile.swift; sourceTree = "<group>"; };
		C9265071256D1A33002D4CB0 /* SparkFirestoreReferenceManager.swift */ = {isa = PBXFileReference; lastKnownFileType = sourcecode.swift; path = SparkFirestoreReferenceManager.swift; sourceTree = "<group>"; };
		C9265074256D1A54002D4CB0 /* SparkFirebaseRootReference.swift */ = {isa = PBXFileReference; lastKnownFileType = sourcecode.swift; path = SparkFirebaseRootReference.swift; sourceTree = "<group>"; };
		C9265077256D1AA6002D4CB0 /* SparkKey.swift */ = {isa = PBXFileReference; lastKnownFileType = sourcecode.swift; path = SparkKey.swift; sourceTree = "<group>"; };
		C926507A256D1BD4002D4CB0 /* SparkError.swift */ = {isa = PBXFileReference; lastKnownFileType = sourcecode.swift; path = SparkError.swift; sourceTree = "<group>"; };
		C926507D256D1FC5002D4CB0 /* AuthViewController.swift */ = {isa = PBXFileReference; lastKnownFileType = sourcecode.swift; path = AuthViewController.swift; sourceTree = "<group>"; };
		C9265080256D234F002D4CB0 /* ProfileViewController.swift */ = {isa = PBXFileReference; lastKnownFileType = sourcecode.swift; path = ProfileViewController.swift; sourceTree = "<group>"; };
		C9265083256D258D002D4CB0 /* FirebaseDB.entitlements */ = {isa = PBXFileReference; lastKnownFileType = text.plist.entitlements; path = FirebaseDB.entitlements; sourceTree = "<group>"; };
		C98DDF4A257111CA0098DD22 /* Admin.swift */ = {isa = PBXFileReference; lastKnownFileType = sourcecode.swift; path = Admin.swift; sourceTree = "<group>"; };
		C98DDF4D257112B40098DD22 /* SparkFirestoreQueryManager.swift */ = {isa = PBXFileReference; lastKnownFileType = sourcecode.swift; path = SparkFirestoreQueryManager.swift; sourceTree = "<group>"; };
		C98DDF512571174C0098DD22 /* AdminViewController.swift */ = {isa = PBXFileReference; lastKnownFileType = sourcecode.swift; path = AdminViewController.swift; sourceTree = "<group>"; };
		C98DDF5425711A100098DD22 /* AddCategoryViewController.swift */ = {isa = PBXFileReference; lastKnownFileType = sourcecode.swift; path = AddCategoryViewController.swift; sourceTree = "<group>"; };
		C98DDF5725711A290098DD22 /* AddItemViewController.swift */ = {isa = PBXFileReference; lastKnownFileType = sourcecode.swift; path = AddItemViewController.swift; sourceTree = "<group>"; };
		C98DDF5A25711D2E0098DD22 /* Category.swift */ = {isa = PBXFileReference; lastKnownFileType = sourcecode.swift; path = Category.swift; sourceTree = "<group>"; };
		C98DDF5E25711DC00098DD22 /* Item.swift */ = {isa = PBXFileReference; lastKnownFileType = sourcecode.swift; path = Item.swift; sourceTree = "<group>"; };
/* End PBXFileReference section */

/* Begin PBXFrameworksBuildPhase section */
		0458995C256514270038A4AC /* Frameworks */ = {
			isa = PBXFrameworksBuildPhase;
			buildActionMask = 2147483647;
			files = (
				04039480256CE0E300EA3A35 /* SparkUI in Frameworks */,
				1B20753CD113417C8B255A41 /* Pods_FirebaseDB.framework in Frameworks */,
			);
			runOnlyForDeploymentPostprocessing = 0;
		};
/* End PBXFrameworksBuildPhase section */

/* Begin PBXGroup section */
		04039482256CE23800EA3A35 /* Service */ = {
			isa = PBXGroup;
			children = (
			);
			path = Service;
			sourceTree = "<group>";
		};
		04039484256CE24B00EA3A35 /* Model */ = {
			isa = PBXGroup;
			children = (
				C926506E256D1949002D4CB0 /* Profile.swift */,
				C98DDF4A257111CA0098DD22 /* Admin.swift */,
				C98DDF5A25711D2E0098DD22 /* Category.swift */,
				C98DDF5E25711DC00098DD22 /* Item.swift */,
			);
			path = Model;
			sourceTree = "<group>";
		};
		0403948C256CE2ED00EA3A35 /* View */ = {
			isa = PBXGroup;
			children = (
			);
			path = View;
			sourceTree = "<group>";
		};
		0403948D256CE2FE00EA3A35 /* View Controller */ = {
			isa = PBXGroup;
			children = (
				C98DDF50257117370098DD22 /* Admin */,
				04589966256514270038A4AC /* HomeViewController.swift */,
				C926507D256D1FC5002D4CB0 /* AuthViewController.swift */,
				C9265068256D1693002D4CB0 /* TabBarController.swift */,
				C9265080256D234F002D4CB0 /* ProfileViewController.swift */,
				C90720422571006300F1C23A /* SettingsViewController.swift */,
			);
			path = "View Controller";
			sourceTree = "<group>";
		};
		04589956256514270038A4AC = {
			isa = PBXGroup;
			children = (
				04589961256514270038A4AC /* FirebaseDB */,
				04589960256514270038A4AC /* Products */,
				613B49A42FCBF23DB25ED29F /* Pods */,
				5F8D829C4C32284ECEA65295 /* Frameworks */,
			);
			sourceTree = "<group>";
		};
		04589960256514270038A4AC /* Products */ = {
			isa = PBXGroup;
			children = (
				0458995F256514270038A4AC /* FirebaseDB.app */,
			);
			name = Products;
			sourceTree = "<group>";
		};
		04589961256514270038A4AC /* FirebaseDB */ = {
			isa = PBXGroup;
			children = (
				C9265083256D258D002D4CB0 /* FirebaseDB.entitlements */,
				C926504B256D14F6002D4CB0 /* Spark */,
				04039482256CE23800EA3A35 /* Service */,
				04039484256CE24B00EA3A35 /* Model */,
				0403948C256CE2ED00EA3A35 /* View */,
				0403948D256CE2FE00EA3A35 /* View Controller */,
				C926504A256D14E0002D4CB0 /* Main */,
				0458996B256514280038A4AC /* Assets.xcassets */,
				0458996D256514280038A4AC /* LaunchScreen.storyboard */,
				04589970256514280038A4AC /* Info.plist */,
				04039495256CE86A00EA3A35 /* GoogleService-Info.plist */,
			);
			path = FirebaseDB;
			sourceTree = "<group>";
		};
		5F8D829C4C32284ECEA65295 /* Frameworks */ = {
			isa = PBXGroup;
			children = (
				A2B0F77D491C46E66E82533D /* Pods_FirebaseDB.framework */,
			);
			name = Frameworks;
			sourceTree = "<group>";
		};
		613B49A42FCBF23DB25ED29F /* Pods */ = {
			isa = PBXGroup;
			children = (
				A8DC188571B15AE3D4C1A013 /* Pods-FirebaseDB.debug.xcconfig */,
				32F80DB424BC65D4AF2A1708 /* Pods-FirebaseDB.release.xcconfig */,
			);
			path = Pods;
			sourceTree = "<group>";
		};
		C926504A256D14E0002D4CB0 /* Main */ = {
			isa = PBXGroup;
			children = (
				04589964256514270038A4AC /* SceneDelegate.swift */,
				04589962256514270038A4AC /* AppDelegate.swift */,
				C907207C25710D5600F1C23A /* Setup.swift */,
			);
			path = Main;
			sourceTree = "<group>";
		};
		C926504B256D14F6002D4CB0 /* Spark */ = {
			isa = PBXGroup;
			children = (
				C926504C256D1530002D4CB0 /* SparkAuth.swift */,
				C926506B256D18E1002D4CB0 /* SparkFirestore.swift */,
				C907206225710B1C00F1C23A /* SparkStorage.swift */,
				C9265071256D1A33002D4CB0 /* SparkFirestoreReferenceManager.swift */,
				C98DDF4D257112B40098DD22 /* SparkFirestoreQueryManager.swift */,
				C9265074256D1A54002D4CB0 /* SparkFirebaseRootReference.swift */,
				C9265077256D1AA6002D4CB0 /* SparkKey.swift */,
				C926507A256D1BD4002D4CB0 /* SparkError.swift */,
				C926504F256D159B002D4CB0 /* SparkBuckets.swift */,
			);
			path = Spark;
			sourceTree = "<group>";
		};
		C98DDF50257117370098DD22 /* Admin */ = {
			isa = PBXGroup;
			children = (
				C98DDF512571174C0098DD22 /* AdminViewController.swift */,
				C98DDF5425711A100098DD22 /* AddCategoryViewController.swift */,
				C98DDF5725711A290098DD22 /* AddItemViewController.swift */,
			);
			path = Admin;
			sourceTree = "<group>";
		};
/* End PBXGroup section */

/* Begin PBXNativeTarget section */
		0458995E256514270038A4AC /* FirebaseDB */ = {
			isa = PBXNativeTarget;
			buildConfigurationList = 04589973256514280038A4AC /* Build configuration list for PBXNativeTarget "FirebaseDB" */;
			buildPhases = (
				3BA95A24022914702A6DED6E /* [CP] Check Pods Manifest.lock */,
				0458995B256514270038A4AC /* Sources */,
				0458995C256514270038A4AC /* Frameworks */,
				0458995D256514270038A4AC /* Resources */,
				33CE00F2E286E5057BA85497 /* [CP] Embed Pods Frameworks */,
			);
			buildRules = (
			);
			dependencies = (
			);
			name = FirebaseDB;
			packageProductDependencies = (
				0403947F256CE0E300EA3A35 /* SparkUI */,
			);
			productName = FirebaseDB;
			productReference = 0458995F256514270038A4AC /* FirebaseDB.app */;
			productType = "com.apple.product-type.application";
		};
/* End PBXNativeTarget section */

/* Begin PBXProject section */
		04589957256514270038A4AC /* Project object */ = {
			isa = PBXProject;
			attributes = {
				LastSwiftUpdateCheck = 1220;
				LastUpgradeCheck = 1220;
				TargetAttributes = {
					0458995E256514270038A4AC = {
						CreatedOnToolsVersion = 12.2;
					};
				};
			};
			buildConfigurationList = 0458995A256514270038A4AC /* Build configuration list for PBXProject "FirebaseDB" */;
			compatibilityVersion = "Xcode 9.3";
			developmentRegion = en;
			hasScannedForEncodings = 0;
			knownRegions = (
				en,
				Base,
			);
			mainGroup = 04589956256514270038A4AC;
			packageReferences = (
				0403947E256CE0E300EA3A35 /* XCRemoteSwiftPackageReference "SparkUI" */,
			);
			productRefGroup = 04589960256514270038A4AC /* Products */;
			projectDirPath = "";
			projectRoot = "";
			targets = (
				0458995E256514270038A4AC /* FirebaseDB */,
			);
		};
/* End PBXProject section */

/* Begin PBXResourcesBuildPhase section */
		0458995D256514270038A4AC /* Resources */ = {
			isa = PBXResourcesBuildPhase;
			buildActionMask = 2147483647;
			files = (
				0458996F256514280038A4AC /* LaunchScreen.storyboard in Resources */,
				04039496256CE86A00EA3A35 /* GoogleService-Info.plist in Resources */,
				0458996C256514280038A4AC /* Assets.xcassets in Resources */,
			);
			runOnlyForDeploymentPostprocessing = 0;
		};
/* End PBXResourcesBuildPhase section */

/* Begin PBXShellScriptBuildPhase section */
		33CE00F2E286E5057BA85497 /* [CP] Embed Pods Frameworks */ = {
			isa = PBXShellScriptBuildPhase;
			buildActionMask = 2147483647;
			files = (
			);
			inputFileListPaths = (
				"${PODS_ROOT}/Target Support Files/Pods-FirebaseDB/Pods-FirebaseDB-frameworks-${CONFIGURATION}-input-files.xcfilelist",
			);
			name = "[CP] Embed Pods Frameworks";
			outputFileListPaths = (
				"${PODS_ROOT}/Target Support Files/Pods-FirebaseDB/Pods-FirebaseDB-frameworks-${CONFIGURATION}-output-files.xcfilelist",
			);
			runOnlyForDeploymentPostprocessing = 0;
			shellPath = /bin/sh;
			shellScript = "\"${PODS_ROOT}/Target Support Files/Pods-FirebaseDB/Pods-FirebaseDB-frameworks.sh\"\n";
			showEnvVarsInLog = 0;
		};
		3BA95A24022914702A6DED6E /* [CP] Check Pods Manifest.lock */ = {
			isa = PBXShellScriptBuildPhase;
			buildActionMask = 2147483647;
			files = (
			);
			inputFileListPaths = (
			);
			inputPaths = (
				"${PODS_PODFILE_DIR_PATH}/Podfile.lock",
				"${PODS_ROOT}/Manifest.lock",
			);
			name = "[CP] Check Pods Manifest.lock";
			outputFileListPaths = (
			);
			outputPaths = (
				"$(DERIVED_FILE_DIR)/Pods-FirebaseDB-checkManifestLockResult.txt",
			);
			runOnlyForDeploymentPostprocessing = 0;
			shellPath = /bin/sh;
			shellScript = "diff \"${PODS_PODFILE_DIR_PATH}/Podfile.lock\" \"${PODS_ROOT}/Manifest.lock\" > /dev/null\nif [ $? != 0 ] ; then\n    # print error to STDERR\n    echo \"error: The sandbox is not in sync with the Podfile.lock. Run 'pod install' or update your CocoaPods installation.\" >&2\n    exit 1\nfi\n# This output is used by Xcode 'outputs' to avoid re-running this script phase.\necho \"SUCCESS\" > \"${SCRIPT_OUTPUT_FILE_0}\"\n";
			showEnvVarsInLog = 0;
		};
/* End PBXShellScriptBuildPhase section */

/* Begin PBXSourcesBuildPhase section */
		0458995B256514270038A4AC /* Sources */ = {
			isa = PBXSourcesBuildPhase;
			buildActionMask = 2147483647;
			files = (
				C98DDF4E257112B40098DD22 /* SparkFirestoreQueryManager.swift in Sources */,
				C926507B256D1BD4002D4CB0 /* SparkError.swift in Sources */,
				04589967256514270038A4AC /* HomeViewController.swift in Sources */,
				C98DDF4B257111CA0098DD22 /* Admin.swift in Sources */,
				C98DDF5825711A290098DD22 /* AddItemViewController.swift in Sources */,
				C90720432571006300F1C23A /* SettingsViewController.swift in Sources */,
				C98DDF5525711A100098DD22 /* AddCategoryViewController.swift in Sources */,
				C9265075256D1A54002D4CB0 /* SparkFirebaseRootReference.swift in Sources */,
				C9265078256D1AA6002D4CB0 /* SparkKey.swift in Sources */,
				C9265069256D1693002D4CB0 /* TabBarController.swift in Sources */,
				C98DDF5F25711DC00098DD22 /* Item.swift in Sources */,
				C907206325710B1C00F1C23A /* SparkStorage.swift in Sources */,
				C926506F256D1949002D4CB0 /* Profile.swift in Sources */,
				C926506C256D18E1002D4CB0 /* SparkFirestore.swift in Sources */,
				C926504D256D1530002D4CB0 /* SparkAuth.swift in Sources */,
				C907207D25710D5600F1C23A /* Setup.swift in Sources */,
				C9265081256D234F002D4CB0 /* ProfileViewController.swift in Sources */,
				C9265072256D1A33002D4CB0 /* SparkFirestoreReferenceManager.swift in Sources */,
				C9265050256D159B002D4CB0 /* SparkBuckets.swift in Sources */,
				04589963256514270038A4AC /* AppDelegate.swift in Sources */,
				C926507E256D1FC5002D4CB0 /* AuthViewController.swift in Sources */,
				C98DDF522571174C0098DD22 /* AdminViewController.swift in Sources */,
				04589965256514270038A4AC /* SceneDelegate.swift in Sources */,
				C98DDF5B25711D2E0098DD22 /* Category.swift in Sources */,
			);
			runOnlyForDeploymentPostprocessing = 0;
		};
/* End PBXSourcesBuildPhase section */

/* Begin PBXVariantGroup section */
		0458996D256514280038A4AC /* LaunchScreen.storyboard */ = {
			isa = PBXVariantGroup;
			children = (
				0458996E256514280038A4AC /* Base */,
			);
			name = LaunchScreen.storyboard;
			sourceTree = "<group>";
		};
/* End PBXVariantGroup section */

/* Begin XCBuildConfiguration section */
		04589971256514280038A4AC /* Debug */ = {
			isa = XCBuildConfiguration;
			buildSettings = {
				ALWAYS_SEARCH_USER_PATHS = NO;
				CLANG_ANALYZER_NONNULL = YES;
				CLANG_ANALYZER_NUMBER_OBJECT_CONVERSION = YES_AGGRESSIVE;
				CLANG_CXX_LANGUAGE_STANDARD = "gnu++14";
				CLANG_CXX_LIBRARY = "libc++";
				CLANG_ENABLE_MODULES = YES;
				CLANG_ENABLE_OBJC_ARC = YES;
				CLANG_ENABLE_OBJC_WEAK = YES;
				CLANG_WARN_BLOCK_CAPTURE_AUTORELEASING = YES;
				CLANG_WARN_BOOL_CONVERSION = YES;
				CLANG_WARN_COMMA = YES;
				CLANG_WARN_CONSTANT_CONVERSION = YES;
				CLANG_WARN_DEPRECATED_OBJC_IMPLEMENTATIONS = YES;
				CLANG_WARN_DIRECT_OBJC_ISA_USAGE = YES_ERROR;
				CLANG_WARN_DOCUMENTATION_COMMENTS = YES;
				CLANG_WARN_EMPTY_BODY = YES;
				CLANG_WARN_ENUM_CONVERSION = YES;
				CLANG_WARN_INFINITE_RECURSION = YES;
				CLANG_WARN_INT_CONVERSION = YES;
				CLANG_WARN_NON_LITERAL_NULL_CONVERSION = YES;
				CLANG_WARN_OBJC_IMPLICIT_RETAIN_SELF = YES;
				CLANG_WARN_OBJC_LITERAL_CONVERSION = YES;
				CLANG_WARN_OBJC_ROOT_CLASS = YES_ERROR;
				CLANG_WARN_QUOTED_INCLUDE_IN_FRAMEWORK_HEADER = YES;
				CLANG_WARN_RANGE_LOOP_ANALYSIS = YES;
				CLANG_WARN_STRICT_PROTOTYPES = YES;
				CLANG_WARN_SUSPICIOUS_MOVE = YES;
				CLANG_WARN_UNGUARDED_AVAILABILITY = YES_AGGRESSIVE;
				CLANG_WARN_UNREACHABLE_CODE = YES;
				CLANG_WARN__DUPLICATE_METHOD_MATCH = YES;
				COPY_PHASE_STRIP = NO;
				DEBUG_INFORMATION_FORMAT = dwarf;
				ENABLE_STRICT_OBJC_MSGSEND = YES;
				ENABLE_TESTABILITY = YES;
				GCC_C_LANGUAGE_STANDARD = gnu11;
				GCC_DYNAMIC_NO_PIC = NO;
				GCC_NO_COMMON_BLOCKS = YES;
				GCC_OPTIMIZATION_LEVEL = 0;
				GCC_PREPROCESSOR_DEFINITIONS = (
					"DEBUG=1",
					"$(inherited)",
				);
				GCC_WARN_64_TO_32_BIT_CONVERSION = YES;
				GCC_WARN_ABOUT_RETURN_TYPE = YES_ERROR;
				GCC_WARN_UNDECLARED_SELECTOR = YES;
				GCC_WARN_UNINITIALIZED_AUTOS = YES_AGGRESSIVE;
				GCC_WARN_UNUSED_FUNCTION = YES;
				GCC_WARN_UNUSED_VARIABLE = YES;
				IPHONEOS_DEPLOYMENT_TARGET = 14.2;
				MTL_ENABLE_DEBUG_INFO = INCLUDE_SOURCE;
				MTL_FAST_MATH = YES;
				ONLY_ACTIVE_ARCH = YES;
				SDKROOT = iphoneos;
				SWIFT_ACTIVE_COMPILATION_CONDITIONS = DEBUG;
				SWIFT_OPTIMIZATION_LEVEL = "-Onone";
			};
			name = Debug;
		};
		04589972256514280038A4AC /* Release */ = {
			isa = XCBuildConfiguration;
			buildSettings = {
				ALWAYS_SEARCH_USER_PATHS = NO;
				CLANG_ANALYZER_NONNULL = YES;
				CLANG_ANALYZER_NUMBER_OBJECT_CONVERSION = YES_AGGRESSIVE;
				CLANG_CXX_LANGUAGE_STANDARD = "gnu++14";
				CLANG_CXX_LIBRARY = "libc++";
				CLANG_ENABLE_MODULES = YES;
				CLANG_ENABLE_OBJC_ARC = YES;
				CLANG_ENABLE_OBJC_WEAK = YES;
				CLANG_WARN_BLOCK_CAPTURE_AUTORELEASING = YES;
				CLANG_WARN_BOOL_CONVERSION = YES;
				CLANG_WARN_COMMA = YES;
				CLANG_WARN_CONSTANT_CONVERSION = YES;
				CLANG_WARN_DEPRECATED_OBJC_IMPLEMENTATIONS = YES;
				CLANG_WARN_DIRECT_OBJC_ISA_USAGE = YES_ERROR;
				CLANG_WARN_DOCUMENTATION_COMMENTS = YES;
				CLANG_WARN_EMPTY_BODY = YES;
				CLANG_WARN_ENUM_CONVERSION = YES;
				CLANG_WARN_INFINITE_RECURSION = YES;
				CLANG_WARN_INT_CONVERSION = YES;
				CLANG_WARN_NON_LITERAL_NULL_CONVERSION = YES;
				CLANG_WARN_OBJC_IMPLICIT_RETAIN_SELF = YES;
				CLANG_WARN_OBJC_LITERAL_CONVERSION = YES;
				CLANG_WARN_OBJC_ROOT_CLASS = YES_ERROR;
				CLANG_WARN_QUOTED_INCLUDE_IN_FRAMEWORK_HEADER = YES;
				CLANG_WARN_RANGE_LOOP_ANALYSIS = YES;
				CLANG_WARN_STRICT_PROTOTYPES = YES;
				CLANG_WARN_SUSPICIOUS_MOVE = YES;
				CLANG_WARN_UNGUARDED_AVAILABILITY = YES_AGGRESSIVE;
				CLANG_WARN_UNREACHABLE_CODE = YES;
				CLANG_WARN__DUPLICATE_METHOD_MATCH = YES;
				COPY_PHASE_STRIP = NO;
				DEBUG_INFORMATION_FORMAT = "dwarf-with-dsym";
				ENABLE_NS_ASSERTIONS = NO;
				ENABLE_STRICT_OBJC_MSGSEND = YES;
				GCC_C_LANGUAGE_STANDARD = gnu11;
				GCC_NO_COMMON_BLOCKS = YES;
				GCC_WARN_64_TO_32_BIT_CONVERSION = YES;
				GCC_WARN_ABOUT_RETURN_TYPE = YES_ERROR;
				GCC_WARN_UNDECLARED_SELECTOR = YES;
				GCC_WARN_UNINITIALIZED_AUTOS = YES_AGGRESSIVE;
				GCC_WARN_UNUSED_FUNCTION = YES;
				GCC_WARN_UNUSED_VARIABLE = YES;
				IPHONEOS_DEPLOYMENT_TARGET = 14.2;
				MTL_ENABLE_DEBUG_INFO = NO;
				MTL_FAST_MATH = YES;
				SDKROOT = iphoneos;
				SWIFT_COMPILATION_MODE = wholemodule;
				SWIFT_OPTIMIZATION_LEVEL = "-O";
				VALIDATE_PRODUCT = YES;
			};
			name = Release;
		};
		04589974256514280038A4AC /* Debug */ = {
			isa = XCBuildConfiguration;
			baseConfigurationReference = A8DC188571B15AE3D4C1A013 /* Pods-FirebaseDB.debug.xcconfig */;
			buildSettings = {
				ASSETCATALOG_COMPILER_APPICON_NAME = AppIcon;
				ASSETCATALOG_COMPILER_GLOBAL_ACCENT_COLOR_NAME = AccentColor;
				CODE_SIGN_ENTITLEMENTS = FirebaseDB/FirebaseDB.entitlements;
				CODE_SIGN_STYLE = Automatic;
				DEVELOPMENT_TEAM = R252PR8AVU;
				INFOPLIST_FILE = FirebaseDB/Info.plist;
				LD_RUNPATH_SEARCH_PATHS = (
					"$(inherited)",
					"@executable_path/Frameworks",
				);
				PRODUCT_BUNDLE_IDENTIFIER = com.avenue.FirebaseDB;
				PRODUCT_NAME = "$(TARGET_NAME)";
				SWIFT_VERSION = 5.0;
				TARGETED_DEVICE_FAMILY = "1,2";
			};
			name = Debug;
		};
		04589975256514280038A4AC /* Release */ = {
			isa = XCBuildConfiguration;
			baseConfigurationReference = 32F80DB424BC65D4AF2A1708 /* Pods-FirebaseDB.release.xcconfig */;
			buildSettings = {
				ASSETCATALOG_COMPILER_APPICON_NAME = AppIcon;
				ASSETCATALOG_COMPILER_GLOBAL_ACCENT_COLOR_NAME = AccentColor;
				CODE_SIGN_ENTITLEMENTS = FirebaseDB/FirebaseDB.entitlements;
				CODE_SIGN_STYLE = Automatic;
				DEVELOPMENT_TEAM = R252PR8AVU;
				INFOPLIST_FILE = FirebaseDB/Info.plist;
				LD_RUNPATH_SEARCH_PATHS = (
					"$(inherited)",
					"@executable_path/Frameworks",
				);
				PRODUCT_BUNDLE_IDENTIFIER = com.avenue.FirebaseDB;
				PRODUCT_NAME = "$(TARGET_NAME)";
				SWIFT_VERSION = 5.0;
				TARGETED_DEVICE_FAMILY = "1,2";
			};
			name = Release;
		};
/* End XCBuildConfiguration section */

/* Begin XCConfigurationList section */
		0458995A256514270038A4AC /* Build configuration list for PBXProject "FirebaseDB" */ = {
			isa = XCConfigurationList;
			buildConfigurations = (
				04589971256514280038A4AC /* Debug */,
				04589972256514280038A4AC /* Release */,
			);
			defaultConfigurationIsVisible = 0;
			defaultConfigurationName = Release;
		};
		04589973256514280038A4AC /* Build configuration list for PBXNativeTarget "FirebaseDB" */ = {
			isa = XCConfigurationList;
			buildConfigurations = (
				04589974256514280038A4AC /* Debug */,
				04589975256514280038A4AC /* Release */,
			);
			defaultConfigurationIsVisible = 0;
			defaultConfigurationName = Release;
		};
/* End XCConfigurationList section */

/* Begin XCRemoteSwiftPackageReference section */
		0403947E256CE0E300EA3A35 /* XCRemoteSwiftPackageReference "SparkUI" */ = {
			isa = XCRemoteSwiftPackageReference;
			repositoryURL = "https://github.com/rebeloper/SparkUI.git";
			requirement = {
				kind = upToNextMajorVersion;
				minimumVersion = 0.12.35;
			};
		};
/* End XCRemoteSwiftPackageReference section */

/* Begin XCSwiftPackageProductDependency section */
		0403947F256CE0E300EA3A35 /* SparkUI */ = {
			isa = XCSwiftPackageProductDependency;
			package = 0403947E256CE0E300EA3A35 /* XCRemoteSwiftPackageReference "SparkUI" */;
			productName = SparkUI;
		};
/* End XCSwiftPackageProductDependency section */
	};
	rootObject = 04589957256514270038A4AC /* Project object */;
}
